
Microsoft Visual Studio Solution File, Format Version 12.00
# Visual Studio Version 16
VisualStudioVersion = 16.0.29306.81
MinimumVisualStudioVersion = 10.0.40219.1
Project("{FAE04EC0-301F-11D3-BF4B-00C04F79EFBC}") = "markoGalavićObjektnoOrijentiranje", "markoGalavićObjektnoOrijentiranje\markoGalavićObjektnoOrijentiranje.csproj", "{5AB7CE79-C8F0-4E00-8C94-3912AFD43604}"
EndProject
Global
	GlobalSection(SolutionConfigurationPlatforms) = preSolution
		Debug|Any CPU = Debug|Any CPU
		Release|Any CPU = Release|Any CPU
	EndGlobalSection
	GlobalSection(ProjectConfigurationPlatforms) = postSolution
		{5AB7CE79-C8F0-4E00-8C94-3912AFD43604}.Debug|Any CPU.ActiveCfg = Debug|Any CPU
		{5AB7CE79-C8F0-4E00-8C94-3912AFD43604}.Debug|Any CPU.Build.0 = Debug|Any CPU
		{5AB7CE79-C8F0-4E00-8C94-3912AFD43604}.Release|Any CPU.ActiveCfg = Release|Any CPU
		{5AB7CE79-C8F0-4E00-8C94-3912AFD43604}.Release|Any CPU.Build.0 = Release|Any CPU
	EndGlobalSection
	GlobalSection(SolutionProperties) = preSolution
		HideSolutionNode = FALSE
	EndGlobalSection
	GlobalSection(ExtensibilityGlobals) = postSolution
		SolutionGuid = {E3C96B85-BD23-4167-8A8B-6DA344B61D6D}
	EndGlobalSection
EndGlobal
